github.com/a-h/templ v0.3.977 h1:kiKAPXTZE2Iaf8JbtM21r54A8bCNsncrfnokZZSrSDg=
github.com/a-h/templ v0.3.977/go.mod h1:oCZcnKRf5jjsGpf2yELzQfodLphd2mwecwG4Crk5HBo=
github.com/coder/websocket v1.8.14 h1:9L0p0iKiNOibykf283eHkKUHHrpG7f65OE3BhhO7v9g=
github.com/coder/websocket v1.8.14/go.mod h1:NX3SzP+inril6yawo5CQXx8+fk145lPDC6pumgx0mVg=
github.com/google/go-cmp v0.6.0 h1:ofyhxvXcZhMsU5ulbFiLKl/XBFqE1GSq7atu8tAmTRI=
github.com/google/go-cmp v0.6.0/go.mod h1:17dUlkBOakJ0+DkrSSNjCkIjxS6bF9zb3elmeNGIjoY=
github.com/joho/godotenv v1.5.1 h1:7eLL/+HRGLY0ldzfGMeQkb7vMd0as4CfYvUVzLqw0N0=
github.com/joho/godotenv v1.5.1/go.mod h1:f4LDr5Voq0i2e/R5DDNOoa2zzDfwtkZa6DnEwAbqwq4=
github.com/tjgq/sane v0.0.0-20180903025858-a697b47bd07c h1:eAvZ7ifJN0D7EuTpG0W96JrMThJI+e6OnsHF7tqP0IE=
github.com/tjgq/sane v0.0.0-20180903025858-a697b47bd07c/go.mod h1:VAAJOvnXA7ItE82SmBr2bHO4fwAZM5zhvNAow+6/JxE=
